// !$*UTF8*$!
{
	archiveVersion = 1;
	classes = {
	};
	objectVersion = 48;
	objects = {

/* Begin PBXBuildFile section */
		8DB2D7F51FC0449A001F85DA /* AppDelegate.swift in Sources */ = {isa = PBXBuildFile; fileRef = 8DB2D7F41FC0449A001F85DA /* AppDelegate.swift */; };
		8DB2D7FA1FC0449A001F85DA /* Main.storyboard in Resources */ = {isa = PBXBuildFile; fileRef = 8DB2D7F81FC0449A001F85DA /* Main.storyboard */; };
		8DB2D7FC1FC0449A001F85DA /* Assets.xcassets in Resources */ = {isa = PBXBuildFile; fileRef = 8DB2D7FB1FC0449A001F85DA /* Assets.xcassets */; };
		8DB2D7FF1FC0449A001F85DA /* LaunchScreen.storyboard in Resources */ = {isa = PBXBuildFile; fileRef = 8DB2D7FD1FC0449A001F85DA /* LaunchScreen.storyboard */; };
		8DB2D8071FC045BE001F85DA /* NoteFileViewController.swift in Sources */ = {isa = PBXBuildFile; fileRef = 8DB2D8061FC045BE001F85DA /* NoteFileViewController.swift */; };
/* End PBXBuildFile section */

/* Begin PBXFileReference section */
		8DB2D7F11FC0449A001F85DA /* NoteShareApp.app */ = {isa = PBXFileReference; explicitFileType = wrapper.application; includeInIndex = 0; path = NoteShareApp.app; sourceTree = BUILT_PRODUCTS_DIR; };
		8DB2D7F41FC0449A001F85DA /* AppDelegate.swift */ = {isa = PBXFileReference; lastKnownFileType = sourcecode.swift; path = AppDelegate.swift; sourceTree = "<group>"; };
		8DB2D7F91FC0449A001F85DA /* Base */ = {isa = PBXFileReference; lastKnownFileType = file.storyboard; name = Base; path = Base.lproj/Main.storyboard; sourceTree = "<group>"; };
		8DB2D7FB1FC0449A001F85DA /* Assets.xcassets */ = {isa = PBXFileReference; lastKnownFileType = folder.assetcatalog; path = Assets.xcassets; sourceTree = "<group>"; };
		8DB2D7FE1FC0449A001F85DA /* Base */ = {isa = PBXFileReference; lastKnownFileType = file.storyboard; name = Base; path = Base.lproj/LaunchScreen.storyboard; sourceTree = "<group>"; };
		8DB2D8001FC0449A001F85DA /* Info.plist */ = {isa = PBXFileReference; lastKnownFileType = text.plist.xml; path = Info.plist; sourceTree = "<group>"; };
		8DB2D8061FC045BE001F85DA /* NoteFileViewController.swift */ = {isa = PBXFileReference; lastKnownFileType = sourcecode.swift; path = NoteFileViewController.swift; sourceTree = "<group>"; };
/* End PBXFileReference section */

/* Begin PBXFrameworksBuildPhase section */
		8DB2D7EE1FC0449A001F85DA /* Frameworks */ = {
			isa = PBXFrameworksBuildPhase;
			buildActionMask = 2147483647;
			files = (
			);
			runOnlyForDeploymentPostprocessing = 0;
		};
/* End PBXFrameworksBuildPhase section */

/* Begin PBXGroup section */
		8DB2D7E81FC0449A001F85DA = {
			isa = PBXGroup;
			children = (
				8DB2D7F31FC0449A001F85DA /* NoteShareApp */,
				8DB2D7F21FC0449A001F85DA /* Products */,
			);
			sourceTree = "<group>";
		};
		8DB2D7F21FC0449A001F85DA /* Products */ = {
			isa = PBXGroup;
			children = (
				8DB2D7F11FC0449A001F85DA /* NoteShareApp.app */,
			);
			name = Products;
			sourceTree = "<group>";
		};
		8DB2D7F31FC0449A001F85DA /* NoteShareApp */ = {
			isa = PBXGroup;
			children = (
				8DB2D7F41FC0449A001F85DA /* AppDelegate.swift */,
				8DB2D7F81FC0449A001F85DA /* Main.storyboard */,
				8DB2D8061FC045BE001F85DA /* NoteFileViewController.swift */,
				8DB2D7FB1FC0449A001F85DA /* Assets.xcassets */,
				8DB2D7FD1FC0449A001F85DA /* LaunchScreen.storyboard */,
				8DB2D8001FC0449A001F85DA /* Info.plist */,
			);
			path = NoteShareApp;
			sourceTree = "<group>";
		};
/* End PBXGroup section */

/* Begin PBXNativeTarget section */
		8DB2D7F01FC0449A001F85DA /* NoteShareApp */ = {
			isa = PBXNativeTarget;
			buildConfigurationList = 8DB2D8031FC0449A001F85DA /* Build configuration list for PBXNativeTarget "NoteShareApp" */;
			buildPhases = (
				8DB2D7ED1FC0449A001F85DA /* Sources */,
				8DB2D7EE1FC0449A001F85DA /* Frameworks */,
				8DB2D7EF1FC0449A001F85DA /* Resources */,
			);
			buildRules = (
			);
			dependencies = (
			);
			name = NoteShareApp;
			productName = NoteShareApp;
			productReference = 8DB2D7F11FC0449A001F85DA /* NoteShareApp.app */;
			productType = "com.apple.product-type.application";
		};
/* End PBXNativeTarget section */

/* Begin PBXProject section */
		8DB2D7E91FC0449A001F85DA /* Project object */ = {
			isa = PBXProject;
			attributes = {
				LastSwiftUpdateCheck = 0910;
				LastUpgradeCheck = 0910;
				ORGANIZATIONNAME = "鄭煒宗";
				TargetAttributes = {
					8DB2D7F01FC0449A001F85DA = {
						CreatedOnToolsVersion = 9.1;
						ProvisioningStyle = Automatic;
					};
				};
			};
			buildConfigurationList = 8DB2D7EC1FC0449A001F85DA /* Build configuration list for PBXProject "NoteShareApp" */;
			compatibilityVersion = "Xcode 8.0";
			developmentRegion = en;
			hasScannedForEncodings = 0;
			knownRegions = (
				en,
				Base,
			);
			mainGroup = 8DB2D7E81FC0449A001F85DA;
			productRefGroup = 8DB2D7F21FC0449A001F85DA /* Products */;
			projectDirPath = "";
			projectRoot = "";
			targets = (
				8DB2D7F01FC0449A001F85DA /* NoteShareApp */,
			);
		};
/* End PBXProject section */

/* Begin PBXResourcesBuildPhase section */
		8DB2D7EF1FC0449A001F85DA /* Resources */ = {
			isa = PBXResourcesBuildPhase;
			buildActionMask = 2147483647;
			files = (
				8DB2D7FF1FC0449A001F85DA /* LaunchScreen.storyboard in Resources */,
				8DB2D7FC1FC0449A001F85DA /* Assets.xcassets in Resources */,
				8DB2D7FA1FC0449A001F85DA /* Main.storyboard in Resources */,
			);
			runOnlyForDeploymentPostprocessing = 0;
		};
/* End PBXResourcesBuildPhase section */

/* Begin PBXSourcesBuildPhase section */
		8DB2D7ED1FC0449A001F85DA /* Sources */ = {
			isa = PBXSourcesBuildPhase;
			buildActionMask = 2147483647;
			files = (
				8DB2D8071FC045BE001F85DA /* NoteFileViewController.swift in Sources */,
				8DB2D7F51FC0449A001F85DA /* AppDelegate.swift in Sources */,
			);
			runOnlyForDeploymentPostprocessing = 0;
		};
/* End PBXSourcesBuildPhase section */

/* Begin PBXVariantGroup section */
		8DB2D7F81FC0449A001F85DA /* Main.storyboard */ = {
			isa = PBXVariantGroup;
			children = (
				8DB2D7F91FC0449A001F85DA /* Base */,
			);
			name = Main.storyboard;
			sourceTree = "<group>";
		};
		8DB2D7FD1FC0449A001F85DA /* LaunchScreen.storyboard */ = {
			isa = PBXVariantGroup;
			children = (
				8DB2D7FE1FC0449A001F85DA /* Base */,
			);
			name = LaunchScreen.storyboard;
			sourceTree = "<group>";
		};
/* End PBXVariantGroup section */

/* Begin XCBuildConfiguration section */
		8DB2D8011FC0449A001F85DA /* Debug */ = {
			isa = XCBuildConfiguration;
			buildSettings = {
				ALWAYS_SEARCH_USER_PATHS = NO;
				CLANG_ANALYZER_NONNULL = YES;
				CLANG_ANALYZER_NUMBER_OBJECT_CONVERSION = YES_AGGRESSIVE;
				CLANG_CXX_LANGUAGE_STANDARD = "gnu++14";
				CLANG_CXX_LIBRARY = "libc++";
				CLANG_ENABLE_MODULES = YES;
				CLANG_ENABLE_OBJC_ARC = YES;
				CLANG_WARN_BLOCK_CAPTURE_AUTORELEASING = YES;
				CLANG_WARN_BOOL_CONVERSION = YES;
				CLANG_WARN_COMMA = YES;
				CLANG_WARN_CONSTANT_CONVERSION = YES;
				CLANG_WARN_DIRECT_OBJC_ISA_USAGE = YES_ERROR;
				CLANG_WARN_DOCUMENTATION_COMMENTS = YES;
				CLANG_WARN_EMPTY_BODY = YES;
				CLANG_WARN_ENUM_CONVERSION = YES;
				CLANG_WARN_INFINITE_RECURSION = YES;
				CLANG_WARN_INT_CONVERSION = YES;
				CLANG_WARN_NON_LITERAL_NULL_CONVERSION = YES;
				CLANG_WARN_OBJC_LITERAL_CONVERSION = YES;
				CLANG_WARN_OBJC_ROOT_CLASS = YES_ERROR;
				CLANG_WARN_RANGE_LOOP_ANALYSIS = YES;
				CLANG_WARN_STRICT_PROTOTYPES = YES;
				CLANG_WARN_SUSPICIOUS_MOVE = YES;
				CLANG_WARN_UNGUARDED_AVAILABILITY = YES_AGGRESSIVE;
				CLANG_WARN_UNREACHABLE_CODE = YES;
				CLANG_WARN__DUPLICATE_METHOD_MATCH = YES;
				CODE_SIGN_IDENTITY = "iPhone Developer";
				COPY_PHASE_STRIP = NO;
				DEBUG_INFORMATION_FORMAT = dwarf;
				ENABLE_STRICT_OBJC_MSGSEND = YES;
				ENABLE_TESTABILITY = YES;
				GCC_C_LANGUAGE_STANDARD = gnu11;
				GCC_DYNAMIC_NO_PIC = NO;
				GCC_NO_COMMON_BLOCKS = YES;
				GCC_OPTIMIZATION_LEVEL = 0;
				GCC_PREPROCESSOR_DEFINITIONS = (
					"DEBUG=1",
					"$(inherited)",
				);
				GCC_WARN_64_TO_32_BIT_CONVERSION = YES;
				GCC_WARN_ABOUT_RETURN_TYPE = YES_ERROR;
				GCC_WARN_UNDECLARED_SELECTOR = YES;
				GCC_WARN_UNINITIALIZED_AUTOS = YES_AGGRESSIVE;
				GCC_WARN_UNUSED_FUNCTION = YES;
				GCC_WARN_UNUSED_VARIABLE = YES;
				IPHONEOS_DEPLOYMENT_TARGET = 11.1;
				MTL_ENABLE_DEBUG_INFO = YES;
				ONLY_ACTIVE_ARCH = YES;
				SDKROOT = iphoneos;
				SWIFT_ACTIVE_COMPILATION_CONDITIONS = DEBUG;
				SWIFT_OPTIMIZATION_LEVEL = "-Onone";
			};
			name = Debug;
		};
		8DB2D8021FC0449A001F85DA /* Release */ = {
			isa = XCBuildConfiguration;
			buildSettings = {
				ALWAYS_SEARCH_USER_PATHS = NO;
				CLANG_ANALYZER_NONNULL = YES;
				CLANG_ANALYZER_NUMBER_OBJECT_CONVERSION = YES_AGGRESSIVE;
				CLANG_CXX_LANGUAGE_STANDARD = "gnu++14";
				CLANG_CXX_LIBRARY = "libc++";
				CLANG_ENABLE_MODULES = YES;
				CLANG_ENABLE_OBJC_ARC = YES;
				CLANG_WARN_BLOCK_CAPTURE_AUTORELEASING = YES;
				CLANG_WARN_BOOL_CONVERSION = YES;
				CLANG_WARN_COMMA = YES;
				CLANG_WARN_CONSTANT_CONVERSION = YES;
				CLANG_WARN_DIRECT_OBJC_ISA_USAGE = YES_ERROR;
				CLANG_WARN_DOCUMENTATION_COMMENTS = YES;
				CLANG_WARN_EMPTY_BODY = YES;
				CLANG_WARN_ENUM_CONVERSION = YES;
				CLANG_WARN_INFINITE_RECURSION = YES;
				CLANG_WARN_INT_CONVERSION = YES;
				CLANG_WARN_NON_LITERAL_NULL_CONVERSION = YES;
				CLANG_WARN_OBJC_LITERAL_CONVERSION = YES;
				CLANG_WARN_OBJC_ROOT_CLASS = YES_ERROR;
				CLANG_WARN_RANGE_LOOP_ANALYSIS = YES;
				CLANG_WARN_STRICT_PROTOTYPES = YES;
				CLANG_WARN_SUSPICIOUS_MOVE = YES;
				CLANG_WARN_UNGUARDED_AVAILABILITY = YES_AGGRESSIVE;
				CLANG_WARN_UNREACHABLE_CODE = YES;
				CLANG_WARN__DUPLICATE_METHOD_MATCH = YES;
				CODE_SIGN_IDENTITY = "iPhone Developer";
				COPY_PHASE_STRIP = NO;
				DEBUG_INFORMATION_FORMAT = "dwarf-with-dsym";
				ENABLE_NS_ASSERTIONS = NO;
				ENABLE_STRICT_OBJC_MSGSEND = YES;
				GCC_C_LANGUAGE_STANDARD = gnu11;
				GCC_NO_COMMON_BLOCKS = YES;
				GCC_WARN_64_TO_32_BIT_CONVERSION = YES;
				GCC_WARN_ABOUT_RETURN_TYPE = YES_ERROR;
				GCC_WARN_UNDECLARED_SELECTOR = YES;
				GCC_WARN_UNINITIALIZED_AUTOS = YES_AGGRESSIVE;
				GCC_WARN_UNUSED_FUNCTION = YES;
				GCC_WARN_UNUSED_VARIABLE = YES;
				IPHONEOS_DEPLOYMENT_TARGET = 11.1;
				MTL_ENABLE_DEBUG_INFO = NO;
				SDKROOT = iphoneos;
				SWIFT_OPTIMIZATION_LEVEL = "-Owholemodule";
				VALIDATE_PRODUCT = YES;
			};
			name = Release;
		};
		8DB2D8041FC0449A001F85DA /* Debug */ = {
			isa = XCBuildConfiguration;
			buildSettings = {
				ASSETCATALOG_COMPILER_APPICON_NAME = AppIcon;
				CODE_SIGN_STYLE = Automatic;
				DEVELOPMENT_TEAM = HA9F856YHB;
				INFOPLIST_FILE = NoteShareApp/Info.plist;
				LD_RUNPATH_SEARCH_PATHS = "$(inherited) @executable_path/Frameworks";
				PRODUCT_BUNDLE_IDENTIFIER = com.williamCheng.NoteShareApp;
				PRODUCT_NAME = "$(TARGET_NAME)";
				SWIFT_VERSION = 4.0;
				TARGETED_DEVICE_FAMILY = "1,2";
			};
			name = Debug;
		};
		8DB2D8051FC0449A001F85DA /* Release */ = {
			isa = XCBuildConfiguration;
			buildSettings = {
				ASSETCATALOG_COMPILER_APPICON_NAME = AppIcon;
				CODE_SIGN_STYLE = Automatic;
				DEVELOPMENT_TEAM = HA9F856YHB;
				INFOPLIST_FILE = NoteShareApp/Info.plist;
				LD_RUNPATH_SEARCH_PATHS = "$(inherited) @executable_path/Frameworks";
				PRODUCT_BUNDLE_IDENTIFIER = com.williamCheng.NoteShareApp;
				PRODUCT_NAME = "$(TARGET_NAME)";
				SWIFT_VERSION = 4.0;
				TARGETED_DEVICE_FAMILY = "1,2";
			};
			name = Release;
		};
/* End XCBuildConfiguration section */

/* Begin XCConfigurationList section */
		8DB2D7EC1FC0449A001F85DA /* Build configuration list for PBXProject "NoteShareApp" */ = {
			isa = XCConfigurationList;
			buildConfigurations = (
				8DB2D8011FC0449A001F85DA /* Debug */,
				8DB2D8021FC0449A001F85DA /* Release */,
			);
			defaultConfigurationIsVisible = 0;
			defaultConfigurationName = Release;
		};
		8DB2D8031FC0449A001F85DA /* Build configuration list for PBXNativeTarget "NoteShareApp" */ = {
			isa = XCConfigurationList;
			buildConfigurations = (
				8DB2D8041FC0449A001F85DA /* Debug */,
				8DB2D8051FC0449A001F85DA /* Release */,
			);
			defaultConfigurationIsVisible = 0;
			defaultConfigurationName = Release;
		};
/* End XCConfigurationList section */
	};
	rootObject = 8DB2D7E91FC0449A001F85DA /* Project object */;
}
